// !$*UTF8*$!
{
	archiveVersion = 1;
	classes = {
	};
	objectVersion = 55;
	objects = {

/* Begin PBXBuildFile section */
		B754B2862772461D003E8566 /* AppDelegate.mm in Sources */ = {isa = PBXBuildFile; fileRef = B754B2852772461D003E8566 /* AppDelegate.mm */; };
		B754B2892772461D003E8566 /* ViewController.m in Sources */ = {isa = PBXBuildFile; fileRef = B754B2882772461D003E8566 /* ViewController.m */; };
		B754B28B2772461F003E8566 /* Assets.xcassets in Resources */ = {isa = PBXBuildFile; fileRef = B754B28A2772461F003E8566 /* Assets.xcassets */; };
		B754B28E2772461F003E8566 /* Main.storyboard in Resources */ = {isa = PBXBuildFile; fileRef = B754B28C2772461F003E8566 /* Main.storyboard */; };
		B754B2902772461F003E8566 /* main.m in Sources */ = {isa = PBXBuildFile; fileRef = B754B28F2772461F003E8566 /* main.m */; };
		B754B29B2772461F003E8566 /* BrowserTests.m in Sources */ = {isa = PBXBuildFile; fileRef = B754B29A2772461F003E8566 /* BrowserTests.m */; };
		B754B2A52772461F003E8566 /* BrowserUITests.m in Sources */ = {isa = PBXBuildFile; fileRef = B754B2A42772461F003E8566 /* BrowserUITests.m */; };
		B754B2A72772461F003E8566 /* BrowserUITestsLaunchTests.m in Sources */ = {isa = PBXBuildFile; fileRef = B754B2A62772461F003E8566 /* BrowserUITestsLaunchTests.m */; };
		B754B2B52772463E003E8566 /* View.mm in Sources */ = {isa = PBXBuildFile; fileRef = B754B2B42772463E003E8566 /* View.mm */; };
		B754B2B92772468A003E8566 /* Box.cpp in Sources */ = {isa = PBXBuildFile; fileRef = B754B2B72772468A003E8566 /* Box.cpp */; };
		B754B2BE2772635C003E8566 /* Tokenizer.cpp in Sources */ = {isa = PBXBuildFile; fileRef = B754B2BC2772635C003E8566 /* Tokenizer.cpp */; };
		B754B2C1277338C8003E8566 /* Token.cpp in Sources */ = {isa = PBXBuildFile; fileRef = B754B2BF277338C8003E8566 /* Token.cpp */; };
		B754B2C327747F07003E8566 /* test.html in Resources */ = {isa = PBXBuildFile; fileRef = B754B2C227747F07003E8566 /* test.html */; };
/* End PBXBuildFile section */

/* Begin PBXContainerItemProxy section */
		B754B2972772461F003E8566 /* PBXContainerItemProxy */ = {
			isa = PBXContainerItemProxy;
			containerPortal = B754B2792772461D003E8566 /* Project object */;
			proxyType = 1;
			remoteGlobalIDString = B754B2802772461D003E8566;
			remoteInfo = Browser;
		};
		B754B2A12772461F003E8566 /* PBXContainerItemProxy */ = {
			isa = PBXContainerItemProxy;
			containerPortal = B754B2792772461D003E8566 /* Project object */;
			proxyType = 1;
			remoteGlobalIDString = B754B2802772461D003E8566;
			remoteInfo = Browser;
		};
/* End PBXContainerItemProxy section */

/* Begin PBXFileReference section */
		B754B2812772461D003E8566 /* Browser.app */ = {isa = PBXFileReference; explicitFileType = wrapper.application; includeInIndex = 0; path = Browser.app; sourceTree = BUILT_PRODUCTS_DIR; };
		B754B2842772461D003E8566 /* AppDelegate.h */ = {isa = PBXFileReference; lastKnownFileType = sourcecode.c.h; path = AppDelegate.h; sourceTree = "<group>"; };
		B754B2852772461D003E8566 /* AppDelegate.mm */ = {isa = PBXFileReference; lastKnownFileType = sourcecode.cpp.objcpp; path = AppDelegate.mm; sourceTree = "<group>"; };
		B754B2872772461D003E8566 /* ViewController.h */ = {isa = PBXFileReference; lastKnownFileType = sourcecode.c.h; path = ViewController.h; sourceTree = "<group>"; };
		B754B2882772461D003E8566 /* ViewController.m */ = {isa = PBXFileReference; lastKnownFileType = sourcecode.c.objc; path = ViewController.m; sourceTree = "<group>"; };
		B754B28A2772461F003E8566 /* Assets.xcassets */ = {isa = PBXFileReference; lastKnownFileType = folder.assetcatalog; path = Assets.xcassets; sourceTree = "<group>"; };
		B754B28D2772461F003E8566 /* Base */ = {isa = PBXFileReference; lastKnownFileType = file.storyboard; name = Base; path = Base.lproj/Main.storyboard; sourceTree = "<group>"; };
		B754B28F2772461F003E8566 /* main.m */ = {isa = PBXFileReference; lastKnownFileType = sourcecode.c.objc; path = main.m; sourceTree = "<group>"; };
		B754B2912772461F003E8566 /* Browser.entitlements */ = {isa = PBXFileReference; lastKnownFileType = text.plist.entitlements; path = Browser.entitlements; sourceTree = "<group>"; };
		B754B2962772461F003E8566 /* BrowserTests.xctest */ = {isa = PBXFileReference; explicitFileType = wrapper.cfbundle; includeInIndex = 0; path = BrowserTests.xctest; sourceTree = BUILT_PRODUCTS_DIR; };
		B754B29A2772461F003E8566 /* BrowserTests.m */ = {isa = PBXFileReference; lastKnownFileType = sourcecode.c.objc; path = BrowserTests.m; sourceTree = "<group>"; };
		B754B2A02772461F003E8566 /* BrowserUITests.xctest */ = {isa = PBXFileReference; explicitFileType = wrapper.cfbundle; includeInIndex = 0; path = BrowserUITests.xctest; sourceTree = BUILT_PRODUCTS_DIR; };
		B754B2A42772461F003E8566 /* BrowserUITests.m */ = {isa = PBXFileReference; lastKnownFileType = sourcecode.c.objc; path = BrowserUITests.m; sourceTree = "<group>"; };
		B754B2A62772461F003E8566 /* BrowserUITestsLaunchTests.m */ = {isa = PBXFileReference; lastKnownFileType = sourcecode.c.objc; path = BrowserUITestsLaunchTests.m; sourceTree = "<group>"; };
		B754B2B32772463E003E8566 /* View.h */ = {isa = PBXFileReference; lastKnownFileType = sourcecode.c.h; path = View.h; sourceTree = "<group>"; };
		B754B2B42772463E003E8566 /* View.mm */ = {isa = PBXFileReference; lastKnownFileType = sourcecode.cpp.objcpp; path = View.mm; sourceTree = "<group>"; };
		B754B2B72772468A003E8566 /* Box.cpp */ = {isa = PBXFileReference; lastKnownFileType = sourcecode.cpp.cpp; path = Box.cpp; sourceTree = "<group>"; };
		B754B2B82772468A003E8566 /* Box.h */ = {isa = PBXFileReference; lastKnownFileType = sourcecode.c.h; path = Box.h; sourceTree = "<group>"; };
		B754B2BC2772635C003E8566 /* Tokenizer.cpp */ = {isa = PBXFileReference; lastKnownFileType = sourcecode.cpp.cpp; path = Tokenizer.cpp; sourceTree = "<group>"; };
		B754B2BD2772635C003E8566 /* Tokenizer.h */ = {isa = PBXFileReference; lastKnownFileType = sourcecode.c.h; path = Tokenizer.h; sourceTree = "<group>"; };
		B754B2BF277338C8003E8566 /* Token.cpp */ = {isa = PBXFileReference; lastKnownFileType = sourcecode.cpp.cpp; path = Token.cpp; sourceTree = "<group>"; };
		B754B2C0277338C8003E8566 /* Token.h */ = {isa = PBXFileReference; lastKnownFileType = sourcecode.c.h; path = Token.h; sourceTree = "<group>"; };
		B754B2C227747F07003E8566 /* test.html */ = {isa = PBXFileReference; fileEncoding = 4; lastKnownFileType = text.html; path = test.html; sourceTree = "<group>"; };
/* End PBXFileReference section */

/* Begin PBXFrameworksBuildPhase section */
		B754B27E2772461D003E8566 /* Frameworks */ = {
			isa = PBXFrameworksBuildPhase;
			buildActionMask = 2147483647;
			files = (
			);
			runOnlyForDeploymentPostprocessing = 0;
		};
		B754B2932772461F003E8566 /* Frameworks */ = {
			isa = PBXFrameworksBuildPhase;
			buildActionMask = 2147483647;
			files = (
			);
			runOnlyForDeploymentPostprocessing = 0;
		};
		B754B29D2772461F003E8566 /* Frameworks */ = {
			isa = PBXFrameworksBuildPhase;
			buildActionMask = 2147483647;
			files = (
			);
			runOnlyForDeploymentPostprocessing = 0;
		};
/* End PBXFrameworksBuildPhase section */

/* Begin PBXGroup section */
		B754B2782772461D003E8566 = {
			isa = PBXGroup;
			children = (
				B754B2C227747F07003E8566 /* test.html */,
				B754B2832772461D003E8566 /* Browser */,
				B754B2992772461F003E8566 /* BrowserTests */,
				B754B2A32772461F003E8566 /* BrowserUITests */,
				B754B2822772461D003E8566 /* Products */,
			);
			sourceTree = "<group>";
		};
		B754B2822772461D003E8566 /* Products */ = {
			isa = PBXGroup;
			children = (
				B754B2812772461D003E8566 /* Browser.app */,
				B754B2962772461F003E8566 /* BrowserTests.xctest */,
				B754B2A02772461F003E8566 /* BrowserUITests.xctest */,
			);
			name = Products;
			sourceTree = "<group>";
		};
		B754B2832772461D003E8566 /* Browser */ = {
			isa = PBXGroup;
			children = (
				B754B2BB277262C0003E8566 /* HTML */,
				B754B2B627724678003E8566 /* CSS */,
				B754B2842772461D003E8566 /* AppDelegate.h */,
				B754B2852772461D003E8566 /* AppDelegate.mm */,
				B754B2872772461D003E8566 /* ViewController.h */,
				B754B2882772461D003E8566 /* ViewController.m */,
				B754B28A2772461F003E8566 /* Assets.xcassets */,
				B754B28C2772461F003E8566 /* Main.storyboard */,
				B754B28F2772461F003E8566 /* main.m */,
				B754B2912772461F003E8566 /* Browser.entitlements */,
				B754B2B32772463E003E8566 /* View.h */,
				B754B2B42772463E003E8566 /* View.mm */,
			);
			path = Browser;
			sourceTree = "<group>";
		};
		B754B2992772461F003E8566 /* BrowserTests */ = {
			isa = PBXGroup;
			children = (
				B754B29A2772461F003E8566 /* BrowserTests.m */,
			);
			path = BrowserTests;
			sourceTree = "<group>";
		};
		B754B2A32772461F003E8566 /* BrowserUITests */ = {
			isa = PBXGroup;
			children = (
				B754B2A42772461F003E8566 /* BrowserUITests.m */,
				B754B2A62772461F003E8566 /* BrowserUITestsLaunchTests.m */,
			);
			path = BrowserUITests;
			sourceTree = "<group>";
		};
		B754B2B627724678003E8566 /* CSS */ = {
			isa = PBXGroup;
			children = (
				B754B2B72772468A003E8566 /* Box.cpp */,
				B754B2B82772468A003E8566 /* Box.h */,
			);
			path = CSS;
			sourceTree = "<group>";
		};
		B754B2BB277262C0003E8566 /* HTML */ = {
			isa = PBXGroup;
			children = (
				B754B2BC2772635C003E8566 /* Tokenizer.cpp */,
				B754B2BD2772635C003E8566 /* Tokenizer.h */,
				B754B2BF277338C8003E8566 /* Token.cpp */,
				B754B2C0277338C8003E8566 /* Token.h */,
			);
			path = HTML;
			sourceTree = "<group>";
		};
/* End PBXGroup section */

/* Begin PBXNativeTarget section */
		B754B2802772461D003E8566 /* Browser */ = {
			isa = PBXNativeTarget;
			buildConfigurationList = B754B2AA2772461F003E8566 /* Build configuration list for PBXNativeTarget "Browser" */;
			buildPhases = (
				B754B27D2772461D003E8566 /* Sources */,
				B754B27E2772461D003E8566 /* Frameworks */,
				B754B27F2772461D003E8566 /* Resources */,
			);
			buildRules = (
			);
			dependencies = (
			);
			name = Browser;
			productName = Browser;
			productReference = B754B2812772461D003E8566 /* Browser.app */;
			productType = "com.apple.product-type.application";
		};
		B754B2952772461F003E8566 /* BrowserTests */ = {
			isa = PBXNativeTarget;
			buildConfigurationList = B754B2AD2772461F003E8566 /* Build configuration list for PBXNativeTarget "BrowserTests" */;
			buildPhases = (
				B754B2922772461F003E8566 /* Sources */,
				B754B2932772461F003E8566 /* Frameworks */,
				B754B2942772461F003E8566 /* Resources */,
			);
			buildRules = (
			);
			dependencies = (
				B754B2982772461F003E8566 /* PBXTargetDependency */,
			);
			name = BrowserTests;
			productName = BrowserTests;
			productReference = B754B2962772461F003E8566 /* BrowserTests.xctest */;
			productType = "com.apple.product-type.bundle.unit-test";
		};
		B754B29F2772461F003E8566 /* BrowserUITests */ = {
			isa = PBXNativeTarget;
			buildConfigurationList = B754B2B02772461F003E8566 /* Build configuration list for PBXNativeTarget "BrowserUITests" */;
			buildPhases = (
				B754B29C2772461F003E8566 /* Sources */,
				B754B29D2772461F003E8566 /* Frameworks */,
				B754B29E2772461F003E8566 /* Resources */,
			);
			buildRules = (
			);
			dependencies = (
				B754B2A22772461F003E8566 /* PBXTargetDependency */,
			);
			name = BrowserUITests;
			productName = BrowserUITests;
			productReference = B754B2A02772461F003E8566 /* BrowserUITests.xctest */;
			productType = "com.apple.product-type.bundle.ui-testing";
		};
/* End PBXNativeTarget section */

/* Begin PBXProject section */
		B754B2792772461D003E8566 /* Project object */ = {
			isa = PBXProject;
			attributes = {
				BuildIndependentTargetsInParallel = 1;
				LastUpgradeCheck = 1320;
				TargetAttributes = {
					B754B2802772461D003E8566 = {
						CreatedOnToolsVersion = 13.2.1;
					};
					B754B2952772461F003E8566 = {
						CreatedOnToolsVersion = 13.2.1;
						TestTargetID = B754B2802772461D003E8566;
					};
					B754B29F2772461F003E8566 = {
						CreatedOnToolsVersion = 13.2.1;
						TestTargetID = B754B2802772461D003E8566;
					};
				};
			};
			buildConfigurationList = B754B27C2772461D003E8566 /* Build configuration list for PBXProject "Browser" */;
			compatibilityVersion = "Xcode 13.0";
			developmentRegion = en;
			hasScannedForEncodings = 0;
			knownRegions = (
				en,
				Base,
			);
			mainGroup = B754B2782772461D003E8566;
			productRefGroup = B754B2822772461D003E8566 /* Products */;
			projectDirPath = "";
			projectRoot = "";
			targets = (
				B754B2802772461D003E8566 /* Browser */,
				B754B2952772461F003E8566 /* BrowserTests */,
				B754B29F2772461F003E8566 /* BrowserUITests */,
			);
		};
/* End PBXProject section */

/* Begin PBXResourcesBuildPhase section */
		B754B27F2772461D003E8566 /* Resources */ = {
			isa = PBXResourcesBuildPhase;
			buildActionMask = 2147483647;
			files = (
				B754B28B2772461F003E8566 /* Assets.xcassets in Resources */,
				B754B28E2772461F003E8566 /* Main.storyboard in Resources */,
				B754B2C327747F07003E8566 /* test.html in Resources */,
			);
			runOnlyForDeploymentPostprocessing = 0;
		};
		B754B2942772461F003E8566 /* Resources */ = {
			isa = PBXResourcesBuildPhase;
			buildActionMask = 2147483647;
			files = (
			);
			runOnlyForDeploymentPostprocessing = 0;
		};
		B754B29E2772461F003E8566 /* Resources */ = {
			isa = PBXResourcesBuildPhase;
			buildActionMask = 2147483647;
			files = (
			);
			runOnlyForDeploymentPostprocessing = 0;
		};
/* End PBXResourcesBuildPhase section */

/* Begin PBXSourcesBuildPhase section */
		B754B27D2772461D003E8566 /* Sources */ = {
			isa = PBXSourcesBuildPhase;
			buildActionMask = 2147483647;
			files = (
				B754B2B52772463E003E8566 /* View.mm in Sources */,
				B754B2892772461D003E8566 /* ViewController.m in Sources */,
				B754B2902772461F003E8566 /* main.m in Sources */,
				B754B2C1277338C8003E8566 /* Token.cpp in Sources */,
				B754B2BE2772635C003E8566 /* Tokenizer.cpp in Sources */,
				B754B2862772461D003E8566 /* AppDelegate.mm in Sources */,
				B754B2B92772468A003E8566 /* Box.cpp in Sources */,
			);
			runOnlyForDeploymentPostprocessing = 0;
		};
		B754B2922772461F003E8566 /* Sources */ = {
			isa = PBXSourcesBuildPhase;
			buildActionMask = 2147483647;
			files = (
				B754B29B2772461F003E8566 /* BrowserTests.m in Sources */,
			);
			runOnlyForDeploymentPostprocessing = 0;
		};
		B754B29C2772461F003E8566 /* Sources */ = {
			isa = PBXSourcesBuildPhase;
			buildActionMask = 2147483647;
			files = (
				B754B2A52772461F003E8566 /* BrowserUITests.m in Sources */,
				B754B2A72772461F003E8566 /* BrowserUITestsLaunchTests.m in Sources */,
			);
			runOnlyForDeploymentPostprocessing = 0;
		};
/* End PBXSourcesBuildPhase section */

/* Begin PBXTargetDependency section */
		B754B2982772461F003E8566 /* PBXTargetDependency */ = {
			isa = PBXTargetDependency;
			target = B754B2802772461D003E8566 /* Browser */;
			targetProxy = B754B2972772461F003E8566 /* PBXContainerItemProxy */;
		};
		B754B2A22772461F003E8566 /* PBXTargetDependency */ = {
			isa = PBXTargetDependency;
			target = B754B2802772461D003E8566 /* Browser */;
			targetProxy = B754B2A12772461F003E8566 /* PBXContainerItemProxy */;
		};
/* End PBXTargetDependency section */

/* Begin PBXVariantGroup section */
		B754B28C2772461F003E8566 /* Main.storyboard */ = {
			isa = PBXVariantGroup;
			children = (
				B754B28D2772461F003E8566 /* Base */,
			);
			name = Main.storyboard;
			sourceTree = "<group>";
		};
/* End PBXVariantGroup section */

/* Begin XCBuildConfiguration section */
		B754B2A82772461F003E8566 /* Debug */ = {
			isa = XCBuildConfiguration;
			buildSettings = {
				ALWAYS_SEARCH_USER_PATHS = NO;
				CLANG_ANALYZER_NONNULL = YES;
				CLANG_ANALYZER_NUMBER_OBJECT_CONVERSION = YES_AGGRESSIVE;
				CLANG_CXX_LANGUAGE_STANDARD = "gnu++17";
				CLANG_CXX_LIBRARY = "libc++";
				CLANG_ENABLE_MODULES = YES;
				CLANG_ENABLE_OBJC_ARC = YES;
				CLANG_ENABLE_OBJC_WEAK = YES;
				CLANG_WARN_BLOCK_CAPTURE_AUTORELEASING = YES;
				CLANG_WARN_BOOL_CONVERSION = YES;
				CLANG_WARN_COMMA = YES;
				CLANG_WARN_CONSTANT_CONVERSION = YES;
				CLANG_WARN_DEPRECATED_OBJC_IMPLEMENTATIONS = YES;
				CLANG_WARN_DIRECT_OBJC_ISA_USAGE = YES_ERROR;
				CLANG_WARN_DOCUMENTATION_COMMENTS = YES;
				CLANG_WARN_EMPTY_BODY = YES;
				CLANG_WARN_ENUM_CONVERSION = YES;
				CLANG_WARN_INFINITE_RECURSION = YES;
				CLANG_WARN_INT_CONVERSION = YES;
				CLANG_WARN_NON_LITERAL_NULL_CONVERSION = YES;
				CLANG_WARN_OBJC_IMPLICIT_RETAIN_SELF = YES;
				CLANG_WARN_OBJC_LITERAL_CONVERSION = YES;
				CLANG_WARN_OBJC_ROOT_CLASS = YES_ERROR;
				CLANG_WARN_QUOTED_INCLUDE_IN_FRAMEWORK_HEADER = YES;
				CLANG_WARN_RANGE_LOOP_ANALYSIS = YES;
				CLANG_WARN_STRICT_PROTOTYPES = YES;
				CLANG_WARN_SUSPICIOUS_MOVE = YES;
				CLANG_WARN_UNGUARDED_AVAILABILITY = YES_AGGRESSIVE;
				CLANG_WARN_UNREACHABLE_CODE = YES;
				CLANG_WARN__DUPLICATE_METHOD_MATCH = YES;
				COPY_PHASE_STRIP = NO;
				DEBUG_INFORMATION_FORMAT = dwarf;
				ENABLE_STRICT_OBJC_MSGSEND = YES;
				ENABLE_TESTABILITY = YES;
				GCC_C_LANGUAGE_STANDARD = gnu11;
				GCC_DYNAMIC_NO_PIC = NO;
				GCC_NO_COMMON_BLOCKS = YES;
				GCC_OPTIMIZATION_LEVEL = 0;
				GCC_PREPROCESSOR_DEFINITIONS = (
					"DEBUG=1",
					"$(inherited)",
				);
				GCC_WARN_64_TO_32_BIT_CONVERSION = YES;
				GCC_WARN_ABOUT_RETURN_TYPE = YES_ERROR;
				GCC_WARN_UNDECLARED_SELECTOR = YES;
				GCC_WARN_UNINITIALIZED_AUTOS = YES_AGGRESSIVE;
				GCC_WARN_UNUSED_FUNCTION = YES;
				GCC_WARN_UNUSED_VARIABLE = YES;
				MACOSX_DEPLOYMENT_TARGET = 12.0;
				MTL_ENABLE_DEBUG_INFO = INCLUDE_SOURCE;
				MTL_FAST_MATH = YES;
				ONLY_ACTIVE_ARCH = YES;
				SDKROOT = macosx;
			};
			name = Debug;
		};
		B754B2A92772461F003E8566 /* Release */ = {
			isa = XCBuildConfiguration;
			buildSettings = {
				ALWAYS_SEARCH_USER_PATHS = NO;
				CLANG_ANALYZER_NONNULL = YES;
				CLANG_ANALYZER_NUMBER_OBJECT_CONVERSION = YES_AGGRESSIVE;
				CLANG_CXX_LANGUAGE_STANDARD = "gnu++17";
				CLANG_CXX_LIBRARY = "libc++";
				CLANG_ENABLE_MODULES = YES;
				CLANG_ENABLE_OBJC_ARC = YES;
				CLANG_ENABLE_OBJC_WEAK = YES;
				CLANG_WARN_BLOCK_CAPTURE_AUTORELEASING = YES;
				CLANG_WARN_BOOL_CONVERSION = YES;
				CLANG_WARN_COMMA = YES;
				CLANG_WARN_CONSTANT_CONVERSION = YES;
				CLANG_WARN_DEPRECATED_OBJC_IMPLEMENTATIONS = YES;
				CLANG_WARN_DIRECT_OBJC_ISA_USAGE = YES_ERROR;
				CLANG_WARN_DOCUMENTATION_COMMENTS = YES;
				CLANG_WARN_EMPTY_BODY = YES;
				CLANG_WARN_ENUM_CONVERSION = YES;
				CLANG_WARN_INFINITE_RECURSION = YES;
				CLANG_WARN_INT_CONVERSION = YES;
				CLANG_WARN_NON_LITERAL_NULL_CONVERSION = YES;
				CLANG_WARN_OBJC_IMPLICIT_RETAIN_SELF = YES;
				CLANG_WARN_OBJC_LITERAL_CONVERSION = YES;
				CLANG_WARN_OBJC_ROOT_CLASS = YES_ERROR;
				CLANG_WARN_QUOTED_INCLUDE_IN_FRAMEWORK_HEADER = YES;
				CLANG_WARN_RANGE_LOOP_ANALYSIS = YES;
				CLANG_WARN_STRICT_PROTOTYPES = YES;
				CLANG_WARN_SUSPICIOUS_MOVE = YES;
				CLANG_WARN_UNGUARDED_AVAILABILITY = YES_AGGRESSIVE;
				CLANG_WARN_UNREACHABLE_CODE = YES;
				CLANG_WARN__DUPLICATE_METHOD_MATCH = YES;
				COPY_PHASE_STRIP = NO;
				DEBUG_INFORMATION_FORMAT = "dwarf-with-dsym";
				ENABLE_NS_ASSERTIONS = NO;
				ENABLE_STRICT_OBJC_MSGSEND = YES;
				GCC_C_LANGUAGE_STANDARD = gnu11;
				GCC_NO_COMMON_BLOCKS = YES;
				GCC_WARN_64_TO_32_BIT_CONVERSION = YES;
				GCC_WARN_ABOUT_RETURN_TYPE = YES_ERROR;
				GCC_WARN_UNDECLARED_SELECTOR = YES;
				GCC_WARN_UNINITIALIZED_AUTOS = YES_AGGRESSIVE;
				GCC_WARN_UNUSED_FUNCTION = YES;
				GCC_WARN_UNUSED_VARIABLE = YES;
				MACOSX_DEPLOYMENT_TARGET = 12.0;
				MTL_ENABLE_DEBUG_INFO = NO;
				MTL_FAST_MATH = YES;
				SDKROOT = macosx;
			};
			name = Release;
		};
		B754B2AB2772461F003E8566 /* Debug */ = {
			isa = XCBuildConfiguration;
			buildSettings = {
				ASSETCATALOG_COMPILER_APPICON_NAME = AppIcon;
				ASSETCATALOG_COMPILER_GLOBAL_ACCENT_COLOR_NAME = AccentColor;
				CODE_SIGN_ENTITLEMENTS = Browser/Browser.entitlements;
				CODE_SIGN_STYLE = Automatic;
				COMBINE_HIDPI_IMAGES = YES;
				CURRENT_PROJECT_VERSION = 1;
				GENERATE_INFOPLIST_FILE = YES;
				INFOPLIST_KEY_NSHumanReadableCopyright = "";
				INFOPLIST_KEY_NSMainStoryboardFile = Main;
				INFOPLIST_KEY_NSPrincipalClass = NSApplication;
				LD_RUNPATH_SEARCH_PATHS = (
					"$(inherited)",
					"@executable_path/../Frameworks",
				);
				MARKETING_VERSION = 1.0;
				PRODUCT_BUNDLE_IDENTIFIER = com.obyknovenius.Browser;
				PRODUCT_NAME = "$(TARGET_NAME)";
				SWIFT_EMIT_LOC_STRINGS = YES;
			};
			name = Debug;
		};
		B754B2AC2772461F003E8566 /* Release */ = {
			isa = XCBuildConfiguration;
			buildSettings = {
				ASSETCATALOG_COMPILER_APPICON_NAME = AppIcon;
				ASSETCATALOG_COMPILER_GLOBAL_ACCENT_COLOR_NAME = AccentColor;
				CODE_SIGN_ENTITLEMENTS = Browser/Browser.entitlements;
				CODE_SIGN_STYLE = Automatic;
				COMBINE_HIDPI_IMAGES = YES;
				CURRENT_PROJECT_VERSION = 1;
				GENERATE_INFOPLIST_FILE = YES;
				INFOPLIST_KEY_NSHumanReadableCopyright = "";
				INFOPLIST_KEY_NSMainStoryboardFile = Main;
				INFOPLIST_KEY_NSPrincipalClass = NSApplication;
				LD_RUNPATH_SEARCH_PATHS = (
					"$(inherited)",
					"@executable_path/../Frameworks",
				);
				MARKETING_VERSION = 1.0;
				PRODUCT_BUNDLE_IDENTIFIER = com.obyknovenius.Browser;
				PRODUCT_NAME = "$(TARGET_NAME)";
				SWIFT_EMIT_LOC_STRINGS = YES;
			};
			name = Release;
		};
		B754B2AE2772461F003E8566 /* Debug */ = {
			isa = XCBuildConfiguration;
			buildSettings = {
				BUNDLE_LOADER = "$(TEST_HOST)";
				CODE_SIGN_STYLE = Automatic;
				CURRENT_PROJECT_VERSION = 1;
				GENERATE_INFOPLIST_FILE = YES;
				MACOSX_DEPLOYMENT_TARGET = 12.0;
				MARKETING_VERSION = 1.0;
				PRODUCT_BUNDLE_IDENTIFIER = com.obyknovenius.BrowserTests;
				PRODUCT_NAME = "$(TARGET_NAME)";
				SWIFT_EMIT_LOC_STRINGS = NO;
				TEST_HOST = "$(BUILT_PRODUCTS_DIR)/Browser.app/Contents/MacOS/Browser";
			};
			name = Debug;
		};
		B754B2AF2772461F003E8566 /* Release */ = {
			isa = XCBuildConfiguration;
			buildSettings = {
				BUNDLE_LOADER = "$(TEST_HOST)";
				CODE_SIGN_STYLE = Automatic;
				CURRENT_PROJECT_VERSION = 1;
				GENERATE_INFOPLIST_FILE = YES;
				MACOSX_DEPLOYMENT_TARGET = 12.0;
				MARKETING_VERSION = 1.0;
				PRODUCT_BUNDLE_IDENTIFIER = com.obyknovenius.BrowserTests;
				PRODUCT_NAME = "$(TARGET_NAME)";
				SWIFT_EMIT_LOC_STRINGS = NO;
				TEST_HOST = "$(BUILT_PRODUCTS_DIR)/Browser.app/Contents/MacOS/Browser";
			};
			name = Release;
		};
		B754B2B12772461F003E8566 /* Debug */ = {
			isa = XCBuildConfiguration;
			buildSettings = {
				CODE_SIGN_STYLE = Automatic;
				CURRENT_PROJECT_VERSION = 1;
				GENERATE_INFOPLIST_FILE = YES;
				MARKETING_VERSION = 1.0;
				PRODUCT_BUNDLE_IDENTIFIER = com.obyknovenius.BrowserUITests;
				PRODUCT_NAME = "$(TARGET_NAME)";
				SWIFT_EMIT_LOC_STRINGS = NO;
				TEST_TARGET_NAME = Browser;
			};
			name = Debug;
		};
		B754B2B22772461F003E8566 /* Release */ = {
			isa = XCBuildConfiguration;
			buildSettings = {
				CODE_SIGN_STYLE = Automatic;
				CURRENT_PROJECT_VERSION = 1;
				GENERATE_INFOPLIST_FILE = YES;
				MARKETING_VERSION = 1.0;
				PRODUCT_BUNDLE_IDENTIFIER = com.obyknovenius.BrowserUITests;
				PRODUCT_NAME = "$(TARGET_NAME)";
				SWIFT_EMIT_LOC_STRINGS = NO;
				TEST_TARGET_NAME = Browser;
			};
			name = Release;
		};
/* End XCBuildConfiguration section */

/* Begin XCConfigurationList section */
		B754B27C2772461D003E8566 /* Build configuration list for PBXProject "Browser" */ = {
			isa = XCConfigurationList;
			buildConfigurations = (
				B754B2A82772461F003E8566 /* Debug */,
				B754B2A92772461F003E8566 /* Release */,
			);
			defaultConfigurationIsVisible = 0;
			defaultConfigurationName = Release;
		};
		B754B2AA2772461F003E8566 /* Build configuration list for PBXNativeTarget "Browser" */ = {
			isa = XCConfigurationList;
			buildConfigurations = (
				B754B2AB2772461F003E8566 /* Debug */,
				B754B2AC2772461F003E8566 /* Release */,
			);
			defaultConfigurationIsVisible = 0;
			defaultConfigurationName = Release;
		};
		B754B2AD2772461F003E8566 /* Build configuration list for PBXNativeTarget "BrowserTests" */ = {
			isa = XCConfigurationList;
			buildConfigurations = (
				B754B2AE2772461F003E8566 /* Debug */,
				B754B2AF2772461F003E8566 /* Release */,
			);
			defaultConfigurationIsVisible = 0;
			defaultConfigurationName = Release;
		};
		B754B2B02772461F003E8566 /* Build configuration list for PBXNativeTarget "BrowserUITests" */ = {
			isa = XCConfigurationList;
			buildConfigurations = (
				B754B2B12772461F003E8566 /* Debug */,
				B754B2B22772461F003E8566 /* Release */,
			);
			defaultConfigurationIsVisible = 0;
			defaultConfigurationName = Release;
		};
/* End XCConfigurationList section */
	};
	rootObject = B754B2792772461D003E8566 /* Project object */;
}
